// !$*UTF8*$!
{
	archiveVersion = 1;
	classes = {
	};
	objectVersion = 46;
	objects = {

/* Begin PBXBuildFile section */
		1A7BEA8F16FD126D008B3BCB /* finddefault.c in Sources */ = {isa = PBXBuildFile; fileRef = 1A65C63516F63C1C00C40716 /* finddefault.c */; };
		1A7BEA9016FD126D008B3BCB /* pmmac.c in Sources */ = {isa = PBXBuildFile; fileRef = 1A65C63616F63C1C00C40716 /* pmmac.c */; };
		1A7BEA9116FD126D008B3BCB /* pmmacosxcm.c in Sources */ = {isa = PBXBuildFile; fileRef = 1A65C63716F63C1C00C40716 /* pmmacosxcm.c */; };
		1A7BEA9216FD126D008B3BCB /* pmutil.c in Sources */ = {isa = PBXBuildFile; fileRef = 1A65C63F16F63C5600C40716 /* pmutil.c */; };
		1A7BEA9316FD126D008B3BCB /* portmidi.c in Sources */ = {isa = PBXBuildFile; fileRef = 1A65C64016F63C5600C40716 /* portmidi.c */; };
		1A7BEA9416FD126D008B3BCB /* ptmacosx_mach.c in Sources */ = {isa = PBXBuildFile; fileRef = 1A65C63D16F63C3B00C40716 /* ptmacosx_mach.c */; };
		1A7BEA9516FD1275008B3BCB /* audio.c in Sources */ = {isa = PBXBuildFile; fileRef = 1A65C5E616ED2F1900C40716 /* audio.c */; };
		1A7BEA9616FD1275008B3BCB /* band.c in Sources */ = {isa = PBXBuildFile; fileRef = 1A65C5E716ED2F1900C40716 /* band.c */; };
		1A7BEA9716FD1275008B3BCB /* lib.c in Sources */ = {isa = PBXBuildFile; fileRef = 1A65C5E816ED2F1900C40716 /* lib.c */; };
		1A7BEA9816FD1275008B3BCB /* main.c in Sources */ = {isa = PBXBuildFile; fileRef = 1A65C5EC16ED2F1900C40716 /* main.c */; };
		1A7BEA9916FD1275008B3BCB /* mq.c in Sources */ = {isa = PBXBuildFile; fileRef = 1A65C5E916ED2F1900C40716 /* mq.c */; };
		1A7BEA9A16FD1275008B3BCB /* sine.c in Sources */ = {isa = PBXBuildFile; fileRef = 1A65C5EB16ED2F1900C40716 /* sine.c */; };
		1A7BEA9B16FD1275008B3BCB /* mda_dx10.c in Sources */ = {isa = PBXBuildFile; fileRef = 1A65C63216F5D49700C40716 /* mda_dx10.c */; };
/* End PBXBuildFile section */

/* Begin PBXFileReference section */
		1A554C6916FD014E007ACD72 /* libhamilton.a */ = {isa = PBXFileReference; explicitFileType = archive.ar; includeInIndex = 0; path = libhamilton.a; sourceTree = BUILT_PRODUCTS_DIR; };
		1A554C6D16FD0230007ACD72 /* Global.xcconfig */ = {isa = PBXFileReference; lastKnownFileType = text.xcconfig; path = Global.xcconfig; sourceTree = "<group>"; };
		1A554C7416FD0F4F007ACD72 /* Debug.xcconfig */ = {isa = PBXFileReference; lastKnownFileType = text.xcconfig; path = Debug.xcconfig; sourceTree = "<group>"; };
		1A554C7516FD0F83007ACD72 /* Release.xcconfig */ = {isa = PBXFileReference; lastKnownFileType = text.xcconfig; path = Release.xcconfig; sourceTree = "<group>"; };
		1A65C5E616ED2F1900C40716 /* audio.c */ = {isa = PBXFileReference; lastKnownFileType = sourcecode.c.c; path = audio.c; sourceTree = "<group>"; };
		1A65C5E716ED2F1900C40716 /* band.c */ = {isa = PBXFileReference; lastKnownFileType = sourcecode.c.c; path = band.c; sourceTree = "<group>"; };
		1A65C5E816ED2F1900C40716 /* lib.c */ = {isa = PBXFileReference; lastKnownFileType = sourcecode.c.c; path = lib.c; sourceTree = "<group>"; };
		1A65C5E916ED2F1900C40716 /* mq.c */ = {isa = PBXFileReference; lastKnownFileType = sourcecode.c.c; path = mq.c; sourceTree = "<group>"; };
		1A65C5EA16ED2F1900C40716 /* mq.h */ = {isa = PBXFileReference; lastKnownFileType = sourcecode.c.h; path = mq.h; sourceTree = "<group>"; };
		1A65C5EB16ED2F1900C40716 /* sine.c */ = {isa = PBXFileReference; lastKnownFileType = sourcecode.c.c; path = sine.c; sourceTree = "<group>"; };
		1A65C5EC16ED2F1900C40716 /* main.c */ = {isa = PBXFileReference; lastKnownFileType = sourcecode.c.c; path = main.c; sourceTree = "<group>"; };
		1A65C60116ED2FB000C40716 /* Cocoa.framework */ = {isa = PBXFileReference; lastKnownFileType = wrapper.framework; name = Cocoa.framework; path = System/Library/Frameworks/Cocoa.framework; sourceTree = SDKROOT; };
		1A65C60416ED2FB000C40716 /* AppKit.framework */ = {isa = PBXFileReference; lastKnownFileType = wrapper.framework; name = AppKit.framework; path = System/Library/Frameworks/AppKit.framework; sourceTree = SDKROOT; };
		1A65C60516ED2FB000C40716 /* CoreData.framework */ = {isa = PBXFileReference; lastKnownFileType = wrapper.framework; name = CoreData.framework; path = System/Library/Frameworks/CoreData.framework; sourceTree = SDKROOT; };
		1A65C60616ED2FB000C40716 /* Foundation.framework */ = {isa = PBXFileReference; lastKnownFileType = wrapper.framework; name = Foundation.framework; path = System/Library/Frameworks/Foundation.framework; sourceTree = SDKROOT; };
		1A65C61C16ED2FE200C40716 /* SDL.framework */ = {isa = PBXFileReference; lastKnownFileType = wrapper.framework; name = SDL.framework; path = /Library/Frameworks/SDL.framework; sourceTree = "<absolute>"; };
		1A65C61F16ED304300C40716 /* Prefix.pch */ = {isa = PBXFileReference; fileEncoding = 4; lastKnownFileType = sourcecode.c.h; path = Prefix.pch; sourceTree = "<group>"; };
		1A65C62016ED304300C40716 /* SDLMain.h */ = {isa = PBXFileReference; fileEncoding = 4; lastKnownFileType = sourcecode.c.h; path = SDLMain.h; sourceTree = "<group>"; };
		1A65C62116ED304300C40716 /* SDLMain.m */ = {isa = PBXFileReference; fileEncoding = 4; lastKnownFileType = sourcecode.c.objc; path = SDLMain.m; sourceTree = "<group>"; };
		1A65C62A16ED30E700C40716 /* Info.plist */ = {isa = PBXFileReference; fileEncoding = 4; lastKnownFileType = text.plist.xml; path = Info.plist; sourceTree = "<group>"; };
		1A65C62C16ED386000C40716 /* synth.h */ = {isa = PBXFileReference; lastKnownFileType = sourcecode.c.h; path = synth.h; sourceTree = "<group>"; };
		1A65C62D16ED38B600C40716 /* band.h */ = {isa = PBXFileReference; lastKnownFileType = sourcecode.c.h; path = band.h; sourceTree = "<group>"; };
		1A65C62E16ED393300C40716 /* lib.h */ = {isa = PBXFileReference; lastKnownFileType = sourcecode.c.h; path = lib.h; sourceTree = "<group>"; };
		1A65C62F16ED3A1200C40716 /* audio.h */ = {isa = PBXFileReference; lastKnownFileType = sourcecode.c.h; path = audio.h; sourceTree = "<group>"; };
		1A65C63216F5D49700C40716 /* mda_dx10.c */ = {isa = PBXFileReference; fileEncoding = 4; lastKnownFileType = sourcecode.c.c; path = mda_dx10.c; sourceTree = "<group>"; };
		1A65C63516F63C1C00C40716 /* finddefault.c */ = {isa = PBXFileReference; fileEncoding = 4; lastKnownFileType = sourcecode.c.c; name = finddefault.c; path = src/osx/portmidi/finddefault.c; sourceTree = SOURCE_ROOT; };
		1A65C63616F63C1C00C40716 /* pmmac.c */ = {isa = PBXFileReference; fileEncoding = 4; lastKnownFileType = sourcecode.c.c; name = pmmac.c; path = portmidi/pm_mac/pmmac.c; sourceTree = SOURCE_ROOT; };
		1A65C63716F63C1C00C40716 /* pmmacosxcm.c */ = {isa = PBXFileReference; fileEncoding = 4; lastKnownFileType = sourcecode.c.c; name = pmmacosxcm.c; path = portmidi/pm_mac/pmmacosxcm.c; sourceTree = SOURCE_ROOT; };
		1A65C63D16F63C3B00C40716 /* ptmacosx_mach.c */ = {isa = PBXFileReference; fileEncoding = 4; lastKnownFileType = sourcecode.c.c; name = ptmacosx_mach.c; path = portmidi/porttime/ptmacosx_mach.c; sourceTree = SOURCE_ROOT; };
		1A65C63F16F63C5600C40716 /* pmutil.c */ = {isa = PBXFileReference; fileEncoding = 4; lastKnownFileType = sourcecode.c.c; name = pmutil.c; path = portmidi/pm_common/pmutil.c; sourceTree = SOURCE_ROOT; };
		1A65C64016F63C5600C40716 /* portmidi.c */ = {isa = PBXFileReference; fileEncoding = 4; lastKnownFileType = sourcecode.c.c; name = portmidi.c; path = portmidi/pm_common/portmidi.c; sourceTree = SOURCE_ROOT; };
		1A65C64316F63E2E00C40716 /* CoreMIDI.framework */ = {isa = PBXFileReference; lastKnownFileType = wrapper.framework; name = CoreMIDI.framework; path = /System/Library/Frameworks/CoreMIDI.framework; sourceTree = "<absolute>"; };
		1A65C64516F63E3B00C40716 /* CoreAudio.framework */ = {isa = PBXFileReference; lastKnownFileType = wrapper.framework; name = CoreAudio.framework; path = /System/Library/Frameworks/CoreAudio.framework; sourceTree = "<absolute>"; };
		1A65C64716F63F1E00C40716 /* pmmac.h */ = {isa = PBXFileReference; fileEncoding = 4; lastKnownFileType = sourcecode.c.h; name = pmmac.h; path = portmidi/pm_mac/pmmac.h; sourceTree = SOURCE_ROOT; };
		1A65C64816F63F1E00C40716 /* pmmacosxcm.h */ = {isa = PBXFileReference; fileEncoding = 4; lastKnownFileType = sourcecode.c.h; name = pmmacosxcm.h; path = portmidi/pm_mac/pmmacosxcm.h; sourceTree = SOURCE_ROOT; };
		1A65C64A16F63F3A00C40716 /* porttime.h */ = {isa = PBXFileReference; fileEncoding = 4; lastKnownFileType = sourcecode.c.h; name = porttime.h; path = portmidi/porttime/porttime.h; sourceTree = SOURCE_ROOT; };
		1A65C64B16F63F5B00C40716 /* pminternal.h */ = {isa = PBXFileReference; fileEncoding = 4; lastKnownFileType = sourcecode.c.h; name = pminternal.h; path = portmidi/pm_common/pminternal.h; sourceTree = SOURCE_ROOT; };
		1A65C64C16F63F5B00C40716 /* pmutil.h */ = {isa = PBXFileReference; fileEncoding = 4; lastKnownFileType = sourcecode.c.h; name = pmutil.h; path = portmidi/pm_common/pmutil.h; sourceTree = SOURCE_ROOT; };
		1A65C64D16F63F5B00C40716 /* portmidi.h */ = {isa = PBXFileReference; fileEncoding = 4; lastKnownFileType = sourcecode.c.h; name = portmidi.h; path = portmidi/pm_common/portmidi.h; sourceTree = SOURCE_ROOT; };
/* End PBXFileReference section */

/* Begin PBXFrameworksBuildPhase section */
		1A554C6616FD014E007ACD72 /* Frameworks */ = {
			isa = PBXFrameworksBuildPhase;
			buildActionMask = 2147483647;
			files = (
			);
			runOnlyForDeploymentPostprocessing = 0;
		};
/* End PBXFrameworksBuildPhase section */

/* Begin PBXGroup section */
		1A554C6216FCF838007ACD72 /* hamilton */ = {
			isa = PBXGroup;
			children = (
				1A65C62F16ED3A1200C40716 /* audio.h */,
				1A65C62D16ED38B600C40716 /* band.h */,
				1A65C62C16ED386000C40716 /* synth.h */,
				1A65C62E16ED393300C40716 /* lib.h */,
			);
			path = hamilton;
			sourceTree = "<group>";
		};
		1A65C5DB16ED2E8D00C40716 = {
			isa = PBXGroup;
			children = (
				1A65C5E416ED2EB000C40716 /* Headers */,
				1A65C5E316ED2EA800C40716 /* Source */,
				1A65C62916ED30A900C40716 /* Supporting Files */,
				1A65C60016ED2FB000C40716 /* Frameworks */,
				1A65C5F216ED2F8300C40716 /* Products */,
			);
			sourceTree = "<group>";
		};
		1A65C5E316ED2EA800C40716 /* Source */ = {
			isa = PBXGroup;
			children = (
				1A65C63416F63B8B00C40716 /* portmidi */,
				1A65C5E616ED2F1900C40716 /* audio.c */,
				1A65C5E716ED2F1900C40716 /* band.c */,
				1A65C5E816ED2F1900C40716 /* lib.c */,
				1A65C5EC16ED2F1900C40716 /* main.c */,
				1A65C5E916ED2F1900C40716 /* mq.c */,
				1A65C5EA16ED2F1900C40716 /* mq.h */,
				1A65C61E16ED302A00C40716 /* osx */,
				1A65C5EB16ED2F1900C40716 /* sine.c */,
				1A65C63216F5D49700C40716 /* mda_dx10.c */,
			);
			name = Source;
			path = src;
			sourceTree = "<group>";
		};
		1A65C5E416ED2EB000C40716 /* Headers */ = {
			isa = PBXGroup;
			children = (
				1A554C6216FCF838007ACD72 /* hamilton */,
			);
			name = Headers;
			path = include;
			sourceTree = "<group>";
		};
		1A65C5F216ED2F8300C40716 /* Products */ = {
			isa = PBXGroup;
			children = (
				1A554C6916FD014E007ACD72 /* libhamilton.a */,
			);
			name = Products;
			sourceTree = "<group>";
		};
		1A65C60016ED2FB000C40716 /* Frameworks */ = {
			isa = PBXGroup;
			children = (
				1A65C60116ED2FB000C40716 /* Cocoa.framework */,
				1A65C64516F63E3B00C40716 /* CoreAudio.framework */,
				1A65C64316F63E2E00C40716 /* CoreMIDI.framework */,
				1A65C60316ED2FB000C40716 /* Other Frameworks */,
				1A65C61C16ED2FE200C40716 /* SDL.framework */,
			);
			name = Frameworks;
			sourceTree = "<group>";
		};
		1A65C60316ED2FB000C40716 /* Other Frameworks */ = {
			isa = PBXGroup;
			children = (
				1A65C60416ED2FB000C40716 /* AppKit.framework */,
				1A65C60516ED2FB000C40716 /* CoreData.framework */,
				1A65C60616ED2FB000C40716 /* Foundation.framework */,
			);
			name = "Other Frameworks";
			sourceTree = "<group>";
		};
		1A65C61E16ED302A00C40716 /* osx */ = {
			isa = PBXGroup;
			children = (
				1A65C61F16ED304300C40716 /* Prefix.pch */,
				1A65C62016ED304300C40716 /* SDLMain.h */,
				1A65C62116ED304300C40716 /* SDLMain.m */,
			);
			path = osx;
			sourceTree = "<group>";
		};
		1A65C62916ED30A900C40716 /* Supporting Files */ = {
			isa = PBXGroup;
			children = (
				1A554C7416FD0F4F007ACD72 /* Debug.xcconfig */,
				1A554C6D16FD0230007ACD72 /* Global.xcconfig */,
				1A65C62A16ED30E700C40716 /* Info.plist */,
				1A554C7516FD0F83007ACD72 /* Release.xcconfig */,
			);
			name = "Supporting Files";
			path = osx;
			sourceTree = "<group>";
		};
		1A65C63416F63B8B00C40716 /* portmidi */ = {
			isa = PBXGroup;
			children = (
				1A65C63516F63C1C00C40716 /* finddefault.c */,
				1A65C64B16F63F5B00C40716 /* pminternal.h */,
				1A65C63616F63C1C00C40716 /* pmmac.c */,
				1A65C64716F63F1E00C40716 /* pmmac.h */,
				1A65C63716F63C1C00C40716 /* pmmacosxcm.c */,
				1A65C64816F63F1E00C40716 /* pmmacosxcm.h */,
				1A65C63F16F63C5600C40716 /* pmutil.c */,
				1A65C64C16F63F5B00C40716 /* pmutil.h */,
				1A65C64016F63C5600C40716 /* portmidi.c */,
				1A65C64D16F63F5B00C40716 /* portmidi.h */,
				1A65C64A16F63F3A00C40716 /* porttime.h */,
				1A65C63D16F63C3B00C40716 /* ptmacosx_mach.c */,
			);
			name = portmidi;
			sourceTree = "<group>";
		};
/* End PBXGroup section */

/* Begin PBXHeadersBuildPhase section */
		1A554C6716FD014E007ACD72 /* Headers */ = {
			isa = PBXHeadersBuildPhase;
			buildActionMask = 2147483647;
			files = (
			);
			runOnlyForDeploymentPostprocessing = 0;
		};
/* End PBXHeadersBuildPhase section */

/* Begin PBXNativeTarget section */
		1A554C6816FD014E007ACD72 /* hamilton */ = {
			isa = PBXNativeTarget;
			buildConfigurationList = 1A554C6C16FD014E007ACD72 /* Build configuration list for PBXNativeTarget "hamilton" */;
			buildPhases = (
				1A554C6516FD014E007ACD72 /* Sources */,
				1A554C6616FD014E007ACD72 /* Frameworks */,
				1A554C6716FD014E007ACD72 /* Headers */,
			);
			buildRules = (
			);
			dependencies = (
			);
			name = hamilton;
			productName = hamilton;
			productReference = 1A554C6916FD014E007ACD72 /* libhamilton.a */;
			productType = "com.apple.product-type.library.static";
		};
/* End PBXNativeTarget section */

/* Begin PBXProject section */
		1A65C5DC16ED2E8D00C40716 /* Project object */ = {
			isa = PBXProject;
			attributes = {
				LastUpgradeCheck = 0460;
			};
			buildConfigurationList = 1A65C5DF16ED2E8D00C40716 /* Build configuration list for PBXProject "Hamilton" */;
			compatibilityVersion = "Xcode 3.2";
			developmentRegion = English;
			hasScannedForEncodings = 0;
			knownRegions = (
				en,
			);
			mainGroup = 1A65C5DB16ED2E8D00C40716;
			productRefGroup = 1A65C5F216ED2F8300C40716 /* Products */;
			projectDirPath = "";
			projectRoot = "";
			targets = (
				1A554C6816FD014E007ACD72 /* hamilton */,
			);
		};
/* End PBXProject section */

/* Begin PBXSourcesBuildPhase section */
		1A554C6516FD014E007ACD72 /* Sources */ = {
			isa = PBXSourcesBuildPhase;
			buildActionMask = 2147483647;
			files = (
				1A7BEA8F16FD126D008B3BCB /* finddefault.c in Sources */,
				1A7BEA9016FD126D008B3BCB /* pmmac.c in Sources */,
				1A7BEA9116FD126D008B3BCB /* pmmacosxcm.c in Sources */,
				1A7BEA9216FD126D008B3BCB /* pmutil.c in Sources */,
				1A7BEA9316FD126D008B3BCB /* portmidi.c in Sources */,
				1A7BEA9416FD126D008B3BCB /* ptmacosx_mach.c in Sources */,
				1A7BEA9516FD1275008B3BCB /* audio.c in Sources */,
				1A7BEA9616FD1275008B3BCB /* band.c in Sources */,
				1A7BEA9716FD1275008B3BCB /* lib.c in Sources */,
				1A7BEA9816FD1275008B3BCB /* main.c in Sources */,
				1A7BEA9916FD1275008B3BCB /* mq.c in Sources */,
				1A7BEA9A16FD1275008B3BCB /* sine.c in Sources */,
				1A7BEA9B16FD1275008B3BCB /* mda_dx10.c in Sources */,
			);
			runOnlyForDeploymentPostprocessing = 0;
		};
/* End PBXSourcesBuildPhase section */

/* Begin XCBuildConfiguration section */
		1A554C6A16FD014E007ACD72 /* Debug */ = {
			isa = XCBuildConfiguration;
			buildSettings = {
				PRODUCT_NAME = "$(TARGET_NAME)";
			};
			name = Debug;
		};
		1A554C6B16FD014E007ACD72 /* Release */ = {
			isa = XCBuildConfiguration;
			buildSettings = {
				PRODUCT_NAME = "$(TARGET_NAME)";
			};
			name = Release;
		};
		1A65C5E016ED2E8D00C40716 /* Debug */ = {
			isa = XCBuildConfiguration;
			baseConfigurationReference = 1A554C7416FD0F4F007ACD72 /* Debug.xcconfig */;
			buildSettings = {
			};
			name = Debug;
		};
		1A65C5E116ED2E8D00C40716 /* Release */ = {
			isa = XCBuildConfiguration;
			baseConfigurationReference = 1A554C7516FD0F83007ACD72 /* Release.xcconfig */;
			buildSettings = {
			};
			name = Release;
		};
/* End XCBuildConfiguration section */

/* Begin XCConfigurationList section */
		1A554C6C16FD014E007ACD72 /* Build configuration list for PBXNativeTarget "hamilton" */ = {
			isa = XCConfigurationList;
			buildConfigurations = (
				1A554C6A16FD014E007ACD72 /* Debug */,
				1A554C6B16FD014E007ACD72 /* Release */,
			);
			defaultConfigurationIsVisible = 0;
			defaultConfigurationName = Release;
		};
		1A65C5DF16ED2E8D00C40716 /* Build configuration list for PBXProject "Hamilton" */ = {
			isa = XCConfigurationList;
			buildConfigurations = (
				1A65C5E016ED2E8D00C40716 /* Debug */,
				1A65C5E116ED2E8D00C40716 /* Release */,
			);
			defaultConfigurationIsVisible = 0;
			defaultConfigurationName = Release;
		};
/* End XCConfigurationList section */
	};
	rootObject = 1A65C5DC16ED2E8D00C40716 /* Project object */;
}
